// !$*UTF8*$!
{
	archiveVersion = 1;
	classes = {
	};
	objectVersion = 46;
	objects = {

/* Begin PBXBuildFile section */
		2085CA76208B880C004676BC /* AppDelegate.swift in Sources */ = {isa = PBXBuildFile; fileRef = 2085CA75208B880C004676BC /* AppDelegate.swift */; };
		2085CA78208B880C004676BC /* ViewController.swift in Sources */ = {isa = PBXBuildFile; fileRef = 2085CA77208B880C004676BC /* ViewController.swift */; };
		2085CA7B208B880C004676BC /* Main.storyboard in Resources */ = {isa = PBXBuildFile; fileRef = 2085CA79208B880C004676BC /* Main.storyboard */; };
		2085CA7D208B880C004676BC /* Assets.xcassets in Resources */ = {isa = PBXBuildFile; fileRef = 2085CA7C208B880C004676BC /* Assets.xcassets */; };
		2085CA80208B880C004676BC /* LaunchScreen.storyboard in Resources */ = {isa = PBXBuildFile; fileRef = 2085CA7E208B880C004676BC /* LaunchScreen.storyboard */; };
		2085CA8B208B880C004676BC /* StarWarsTests.swift in Sources */ = {isa = PBXBuildFile; fileRef = 2085CA8A208B880C004676BC /* StarWarsTests.swift */; };
		2085CA96208B880C004676BC /* StarWarsUITests.swift in Sources */ = {isa = PBXBuildFile; fileRef = 2085CA95208B880C004676BC /* StarWarsUITests.swift */; };
/* End PBXBuildFile section */

/* Begin PBXContainerItemProxy section */
		2085CA87208B880C004676BC /* PBXContainerItemProxy */ = {
			isa = PBXContainerItemProxy;
			containerPortal = 2085CA6A208B880C004676BC /* Project object */;
			proxyType = 1;
			remoteGlobalIDString = 2085CA71208B880C004676BC;
			remoteInfo = StarWars;
		};
		2085CA92208B880C004676BC /* PBXContainerItemProxy */ = {
			isa = PBXContainerItemProxy;
			containerPortal = 2085CA6A208B880C004676BC /* Project object */;
			proxyType = 1;
			remoteGlobalIDString = 2085CA71208B880C004676BC;
			remoteInfo = StarWars;
		};
/* End PBXContainerItemProxy section */

/* Begin PBXFileReference section */
		2085CA72208B880C004676BC /* StarWars.app */ = {isa = PBXFileReference; explicitFileType = wrapper.application; includeInIndex = 0; path = StarWars.app; sourceTree = BUILT_PRODUCTS_DIR; };
		2085CA75208B880C004676BC /* AppDelegate.swift */ = {isa = PBXFileReference; lastKnownFileType = sourcecode.swift; path = AppDelegate.swift; sourceTree = "<group>"; };
		2085CA77208B880C004676BC /* ViewController.swift */ = {isa = PBXFileReference; lastKnownFileType = sourcecode.swift; path = ViewController.swift; sourceTree = "<group>"; };
		2085CA7A208B880C004676BC /* Base */ = {isa = PBXFileReference; lastKnownFileType = file.storyboard; name = Base; path = Base.lproj/Main.storyboard; sourceTree = "<group>"; };
		2085CA7C208B880C004676BC /* Assets.xcassets */ = {isa = PBXFileReference; lastKnownFileType = folder.assetcatalog; path = Assets.xcassets; sourceTree = "<group>"; };
		2085CA7F208B880C004676BC /* Base */ = {isa = PBXFileReference; lastKnownFileType = file.storyboard; name = Base; path = Base.lproj/LaunchScreen.storyboard; sourceTree = "<group>"; };
		2085CA81208B880C004676BC /* Info.plist */ = {isa = PBXFileReference; lastKnownFileType = text.plist.xml; path = Info.plist; sourceTree = "<group>"; };
		2085CA86208B880C004676BC /* StarWarsTests.xctest */ = {isa = PBXFileReference; explicitFileType = wrapper.cfbundle; includeInIndex = 0; path = StarWarsTests.xctest; sourceTree = BUILT_PRODUCTS_DIR; };
		2085CA8A208B880C004676BC /* StarWarsTests.swift */ = {isa = PBXFileReference; lastKnownFileType = sourcecode.swift; path = StarWarsTests.swift; sourceTree = "<group>"; };
		2085CA8C208B880C004676BC /* Info.plist */ = {isa = PBXFileReference; lastKnownFileType = text.plist.xml; path = Info.plist; sourceTree = "<group>"; };
		2085CA91208B880C004676BC /* StarWarsUITests.xctest */ = {isa = PBXFileReference; explicitFileType = wrapper.cfbundle; includeInIndex = 0; path = StarWarsUITests.xctest; sourceTree = BUILT_PRODUCTS_DIR; };
		2085CA95208B880C004676BC /* StarWarsUITests.swift */ = {isa = PBXFileReference; lastKnownFileType = sourcecode.swift; path = StarWarsUITests.swift; sourceTree = "<group>"; };
		2085CA97208B880C004676BC /* Info.plist */ = {isa = PBXFileReference; lastKnownFileType = text.plist.xml; path = Info.plist; sourceTree = "<group>"; };
/* End PBXFileReference section */

/* Begin PBXFrameworksBuildPhase section */
		2085CA6F208B880C004676BC /* Frameworks */ = {
			isa = PBXFrameworksBuildPhase;
			buildActionMask = 2147483647;
			files = (
			);
			runOnlyForDeploymentPostprocessing = 0;
		};
		2085CA83208B880C004676BC /* Frameworks */ = {
			isa = PBXFrameworksBuildPhase;
			buildActionMask = 2147483647;
			files = (
			);
			runOnlyForDeploymentPostprocessing = 0;
		};
		2085CA8E208B880C004676BC /* Frameworks */ = {
			isa = PBXFrameworksBuildPhase;
			buildActionMask = 2147483647;
			files = (
			);
			runOnlyForDeploymentPostprocessing = 0;
		};
/* End PBXFrameworksBuildPhase section */

/* Begin PBXGroup section */
		2085CA69208B880C004676BC = {
			isa = PBXGroup;
			children = (
				2085CA74208B880C004676BC /* StarWars */,
				2085CA89208B880C004676BC /* StarWarsTests */,
				2085CA94208B880C004676BC /* StarWarsUITests */,
				2085CA73208B880C004676BC /* Products */,
			);
			sourceTree = "<group>";
		};
		2085CA73208B880C004676BC /* Products */ = {
			isa = PBXGroup;
			children = (
				2085CA72208B880C004676BC /* StarWars.app */,
				2085CA86208B880C004676BC /* StarWarsTests.xctest */,
				2085CA91208B880C004676BC /* StarWarsUITests.xctest */,
			);
			name = Products;
			sourceTree = "<group>";
		};
		2085CA74208B880C004676BC /* StarWars */ = {
			isa = PBXGroup;
			children = (
				2085CA75208B880C004676BC /* AppDelegate.swift */,
				2085CA77208B880C004676BC /* ViewController.swift */,
				2085CA79208B880C004676BC /* Main.storyboard */,
				2085CA7C208B880C004676BC /* Assets.xcassets */,
				2085CA7E208B880C004676BC /* LaunchScreen.storyboard */,
				2085CA81208B880C004676BC /* Info.plist */,
			);
			path = StarWars;
			sourceTree = "<group>";
		};
		2085CA89208B880C004676BC /* StarWarsTests */ = {
			isa = PBXGroup;
			children = (
				2085CA8A208B880C004676BC /* StarWarsTests.swift */,
				2085CA8C208B880C004676BC /* Info.plist */,
			);
			path = StarWarsTests;
			sourceTree = "<group>";
		};
		2085CA94208B880C004676BC /* StarWarsUITests */ = {
			isa = PBXGroup;
			children = (
				2085CA95208B880C004676BC /* StarWarsUITests.swift */,
				2085CA97208B880C004676BC /* Info.plist */,
			);
			path = StarWarsUITests;
			sourceTree = "<group>";
		};
/* End PBXGroup section */

/* Begin PBXNativeTarget section */
		2085CA71208B880C004676BC /* StarWars */ = {
			isa = PBXNativeTarget;
			buildConfigurationList = 2085CA9A208B880C004676BC /* Build configuration list for PBXNativeTarget "StarWars" */;
			buildPhases = (
				2085CA6E208B880C004676BC /* Sources */,
				2085CA6F208B880C004676BC /* Frameworks */,
				2085CA70208B880C004676BC /* Resources */,
			);
			buildRules = (
			);
			dependencies = (
			);
			name = StarWars;
			productName = StarWars;
			productReference = 2085CA72208B880C004676BC /* StarWars.app */;
			productType = "com.apple.product-type.application";
		};
		2085CA85208B880C004676BC /* StarWarsTests */ = {
			isa = PBXNativeTarget;
			buildConfigurationList = 2085CA9D208B880C004676BC /* Build configuration list for PBXNativeTarget "StarWarsTests" */;
			buildPhases = (
				2085CA82208B880C004676BC /* Sources */,
				2085CA83208B880C004676BC /* Frameworks */,
				2085CA84208B880C004676BC /* Resources */,
			);
			buildRules = (
			);
			dependencies = (
				2085CA88208B880C004676BC /* PBXTargetDependency */,
			);
			name = StarWarsTests;
			productName = StarWarsTests;
			productReference = 2085CA86208B880C004676BC /* StarWarsTests.xctest */;
			productType = "com.apple.product-type.bundle.unit-test";
		};
		2085CA90208B880C004676BC /* StarWarsUITests */ = {
			isa = PBXNativeTarget;
			buildConfigurationList = 2085CAA0208B880C004676BC /* Build configuration list for PBXNativeTarget "StarWarsUITests" */;
			buildPhases = (
				2085CA8D208B880C004676BC /* Sources */,
				2085CA8E208B880C004676BC /* Frameworks */,
				2085CA8F208B880C004676BC /* Resources */,
			);
			buildRules = (
			);
			dependencies = (
				2085CA93208B880C004676BC /* PBXTargetDependency */,
			);
			name = StarWarsUITests;
			productName = StarWarsUITests;
			productReference = 2085CA91208B880C004676BC /* StarWarsUITests.xctest */;
			productType = "com.apple.product-type.bundle.ui-testing";
		};
/* End PBXNativeTarget section */

/* Begin PBXProject section */
		2085CA6A208B880C004676BC /* Project object */ = {
			isa = PBXProject;
			attributes = {
				LastSwiftUpdateCheck = 0830;
				LastUpgradeCheck = 0830;
				ORGANIZATIONNAME = "Thang David Do (Étudiant)";
				TargetAttributes = {
					2085CA71208B880C004676BC = {
						CreatedOnToolsVersion = 8.3.3;
						DevelopmentTeam = 5V2CQ8ZSEH;
						ProvisioningStyle = Automatic;
					};
					2085CA85208B880C004676BC = {
						CreatedOnToolsVersion = 8.3.3;
						DevelopmentTeam = 5V2CQ8ZSEH;
						ProvisioningStyle = Automatic;
						TestTargetID = 2085CA71208B880C004676BC;
					};
					2085CA90208B880C004676BC = {
						CreatedOnToolsVersion = 8.3.3;
						DevelopmentTeam = 5V2CQ8ZSEH;
						ProvisioningStyle = Automatic;
						TestTargetID = 2085CA71208B880C004676BC;
					};
				};
			};
			buildConfigurationList = 2085CA6D208B880C004676BC /* Build configuration list for PBXProject "StarWars" */;
			compatibilityVersion = "Xcode 3.2";
			developmentRegion = English;
			hasScannedForEncodings = 0;
			knownRegions = (
				en,
				Base,
			);
			mainGroup = 2085CA69208B880C004676BC;
			productRefGroup = 2085CA73208B880C004676BC /* Products */;
			projectDirPath = "";
			projectRoot = "";
			targets = (
				2085CA71208B880C004676BC /* StarWars */,
				2085CA85208B880C004676BC /* StarWarsTests */,
				2085CA90208B880C004676BC /* StarWarsUITests */,
			);
		};
/* End PBXProject section */

/* Begin PBXResourcesBuildPhase section */
		2085CA70208B880C004676BC /* Resources */ = {
			isa = PBXResourcesBuildPhase;
			buildActionMask = 2147483647;
			files = (
				2085CA80208B880C004676BC /* LaunchScreen.storyboard in Resources */,
				2085CA7D208B880C004676BC /* Assets.xcassets in Resources */,
				2085CA7B208B880C004676BC /* Main.storyboard in Resources */,
			);
			runOnlyForDeploymentPostprocessing = 0;
		};
		2085CA84208B880C004676BC /* Resources */ = {
			isa = PBXResourcesBuildPhase;
			buildActionMask = 2147483647;
			files = (
			);
			runOnlyForDeploymentPostprocessing = 0;
		};
		2085CA8F208B880C004676BC /* Resources */ = {
			isa = PBXResourcesBuildPhase;
			buildActionMask = 2147483647;
			files = (
			);
			runOnlyForDeploymentPostprocessing = 0;
		};
/* End PBXResourcesBuildPhase section */

/* Begin PBXSourcesBuildPhase section */
		2085CA6E208B880C004676BC /* Sources */ = {
			isa = PBXSourcesBuildPhase;
			buildActionMask = 2147483647;
			files = (
				2085CA78208B880C004676BC /* ViewController.swift in Sources */,
				2085CA76208B880C004676BC /* AppDelegate.swift in Sources */,
			);
			runOnlyForDeploymentPostprocessing = 0;
		};
		2085CA82208B880C004676BC /* Sources */ = {
			isa = PBXSourcesBuildPhase;
			buildActionMask = 2147483647;
			files = (
				2085CA8B208B880C004676BC /* StarWarsTests.swift in Sources */,
			);
			runOnlyForDeploymentPostprocessing = 0;
		};
		2085CA8D208B880C004676BC /* Sources */ = {
			isa = PBXSourcesBuildPhase;
			buildActionMask = 2147483647;
			files = (
				2085CA96208B880C004676BC /* StarWarsUITests.swift in Sources */,
			);
			runOnlyForDeploymentPostprocessing = 0;
		};
/* End PBXSourcesBuildPhase section */

/* Begin PBXTargetDependency section */
		2085CA88208B880C004676BC /* PBXTargetDependency */ = {
			isa = PBXTargetDependency;
			target = 2085CA71208B880C004676BC /* StarWars */;
			targetProxy = 2085CA87208B880C004676BC /* PBXContainerItemProxy */;
		};
		2085CA93208B880C004676BC /* PBXTargetDependency */ = {
			isa = PBXTargetDependency;
			target = 2085CA71208B880C004676BC /* StarWars */;
			targetProxy = 2085CA92208B880C004676BC /* PBXContainerItemProxy */;
		};
/* End PBXTargetDependency section */

/* Begin PBXVariantGroup section */
		2085CA79208B880C004676BC /* Main.storyboard */ = {
			isa = PBXVariantGroup;
			children = (
				2085CA7A208B880C004676BC /* Base */,
			);
			name = Main.storyboard;
			sourceTree = "<group>";
		};
		2085CA7E208B880C004676BC /* LaunchScreen.storyboard */ = {
			isa = PBXVariantGroup;
			children = (
				2085CA7F208B880C004676BC /* Base */,
			);
			name = LaunchScreen.storyboard;
			sourceTree = "<group>";
		};
/* End PBXVariantGroup section */

/* Begin XCBuildConfiguration section */
		2085CA98208B880C004676BC /* Debug */ = {
			isa = XCBuildConfiguration;
			buildSettings = {
				ALWAYS_SEARCH_USER_PATHS = NO;
				CLANG_ANALYZER_NONNULL = YES;
				CLANG_ANALYZER_NUMBER_OBJECT_CONVERSION = YES_AGGRESSIVE;
				CLANG_CXX_LANGUAGE_STANDARD = "gnu++0x";
				CLANG_CXX_LIBRARY = "libc++";
				CLANG_ENABLE_MODULES = YES;
				CLANG_ENABLE_OBJC_ARC = YES;
				CLANG_WARN_BOOL_CONVERSION = YES;
				CLANG_WARN_CONSTANT_CONVERSION = YES;
				CLANG_WARN_DIRECT_OBJC_ISA_USAGE = YES_ERROR;
				CLANG_WARN_DOCUMENTATION_COMMENTS = YES;
				CLANG_WARN_EMPTY_BODY = YES;
				CLANG_WARN_ENUM_CONVERSION = YES;
				CLANG_WARN_INFINITE_RECURSION = YES;
				CLANG_WARN_INT_CONVERSION = YES;
				CLANG_WARN_OBJC_ROOT_CLASS = YES_ERROR;
				CLANG_WARN_SUSPICIOUS_MOVE = YES;
				CLANG_WARN_UNREACHABLE_CODE = YES;
				CLANG_WARN__DUPLICATE_METHOD_MATCH = YES;
				"CODE_SIGN_IDENTITY[sdk=iphoneos*]" = "iPhone Developer";
				COPY_PHASE_STRIP = NO;
				DEBUG_INFORMATION_FORMAT = dwarf;
				ENABLE_STRICT_OBJC_MSGSEND = YES;
				ENABLE_TESTABILITY = YES;
				GCC_C_LANGUAGE_STANDARD = gnu99;
				GCC_DYNAMIC_NO_PIC = NO;
				GCC_NO_COMMON_BLOCKS = YES;
				GCC_OPTIMIZATION_LEVEL = 0;
				GCC_PREPROCESSOR_DEFINITIONS = (
					"DEBUG=1",
					"$(inherited)",
				);
				GCC_WARN_64_TO_32_BIT_CONVERSION = YES;
				GCC_WARN_ABOUT_RETURN_TYPE = YES_ERROR;
				GCC_WARN_UNDECLARED_SELECTOR = YES;
				GCC_WARN_UNINITIALIZED_AUTOS = YES_AGGRESSIVE;
				GCC_WARN_UNUSED_FUNCTION = YES;
				GCC_WARN_UNUSED_VARIABLE = YES;
				IPHONEOS_DEPLOYMENT_TARGET = 10.3;
				MTL_ENABLE_DEBUG_INFO = YES;
				ONLY_ACTIVE_ARCH = YES;
				SDKROOT = iphoneos;
				SWIFT_ACTIVE_COMPILATION_CONDITIONS = DEBUG;
				SWIFT_OPTIMIZATION_LEVEL = "-Onone";
			};
			name = Debug;
		};
		2085CA99208B880C004676BC /* Release */ = {
			isa = XCBuildConfiguration;
			buildSettings = {
				ALWAYS_SEARCH_USER_PATHS = NO;
				CLANG_ANALYZER_NONNULL = YES;
				CLANG_ANALYZER_NUMBER_OBJECT_CONVERSION = YES_AGGRESSIVE;
				CLANG_CXX_LANGUAGE_STANDARD = "gnu++0x";
				CLANG_CXX_LIBRARY = "libc++";
				CLANG_ENABLE_MODULES = YES;
				CLANG_ENABLE_OBJC_ARC = YES;
				CLANG_WARN_BOOL_CONVERSION = YES;
				CLANG_WARN_CONSTANT_CONVERSION = YES;
				CLANG_WARN_DIRECT_OBJC_ISA_USAGE = YES_ERROR;
				CLANG_WARN_DOCUMENTATION_COMMENTS = YES;
				CLANG_WARN_EMPTY_BODY = YES;
				CLANG_WARN_ENUM_CONVERSION = YES;
				CLANG_WARN_INFINITE_RECURSION = YES;
				CLANG_WARN_INT_CONVERSION = YES;
				CLANG_WARN_OBJC_ROOT_CLASS = YES_ERROR;
				CLANG_WARN_SUSPICIOUS_MOVE = YES;
				CLANG_WARN_UNREACHABLE_CODE = YES;
				CLANG_WARN__DUPLICATE_METHOD_MATCH = YES;
				"CODE_SIGN_IDENTITY[sdk=iphoneos*]" = "iPhone Developer";
				COPY_PHASE_STRIP = NO;
				DEBUG_INFORMATION_FORMAT = "dwarf-with-dsym";
				ENABLE_NS_ASSERTIONS = NO;
				ENABLE_STRICT_OBJC_MSGSEND = YES;
				GCC_C_LANGUAGE_STANDARD = gnu99;
				GCC_NO_COMMON_BLOCKS = YES;
				GCC_WARN_64_TO_32_BIT_CONVERSION = YES;
				GCC_WARN_ABOUT_RETURN_TYPE = YES_ERROR;
				GCC_WARN_UNDECLARED_SELECTOR = YES;
				GCC_WARN_UNINITIALIZED_AUTOS = YES_AGGRESSIVE;
				GCC_WARN_UNUSED_FUNCTION = YES;
				GCC_WARN_UNUSED_VARIABLE = YES;
				IPHONEOS_DEPLOYMENT_TARGET = 10.3;
				MTL_ENABLE_DEBUG_INFO = NO;
				SDKROOT = iphoneos;
				SWIFT_OPTIMIZATION_LEVEL = "-Owholemodule";
				VALIDATE_PRODUCT = YES;
			};
			name = Release;
		};
		2085CA9B208B880C004676BC /* Debug */ = {
			isa = XCBuildConfiguration;
			buildSettings = {
				ASSETCATALOG_COMPILER_APPICON_NAME = AppIcon;
				DEVELOPMENT_TEAM = 5V2CQ8ZSEH;
				INFOPLIST_FILE = StarWars/Info.plist;
				LD_RUNPATH_SEARCH_PATHS = "$(inherited) @executable_path/Frameworks";
				PRODUCT_BUNDLE_IDENTIFIER = ca.qc.collegeahuntsic.StarWars;
				PRODUCT_NAME = "$(TARGET_NAME)";
				SWIFT_VERSION = 3.0;
			};
			name = Debug;
		};
		2085CA9C208B880C004676BC /* Release */ = {
			isa = XCBuildConfiguration;
			buildSettings = {
				ASSETCATALOG_COMPILER_APPICON_NAME = AppIcon;
				DEVELOPMENT_TEAM = 5V2CQ8ZSEH;
				INFOPLIST_FILE = StarWars/Info.plist;
				LD_RUNPATH_SEARCH_PATHS = "$(inherited) @executable_path/Frameworks";
				PRODUCT_BUNDLE_IDENTIFIER = ca.qc.collegeahuntsic.StarWars;
				PRODUCT_NAME = "$(TARGET_NAME)";
				SWIFT_VERSION = 3.0;
			};
			name = Release;
		};
		2085CA9E208B880C004676BC /* Debug */ = {
			isa = XCBuildConfiguration;
			buildSettings = {
				ALWAYS_EMBED_SWIFT_STANDARD_LIBRARIES = YES;
				BUNDLE_LOADER = "$(TEST_HOST)";
				DEVELOPMENT_TEAM = 5V2CQ8ZSEH;
				INFOPLIST_FILE = StarWarsTests/Info.plist;
				LD_RUNPATH_SEARCH_PATHS = "$(inherited) @executable_path/Frameworks @loader_path/Frameworks";
				PRODUCT_BUNDLE_IDENTIFIER = ca.qc.collegeahuntsic.StarWarsTests;
				PRODUCT_NAME = "$(TARGET_NAME)";
				SWIFT_VERSION = 3.0;
				TEST_HOST = "$(BUILT_PRODUCTS_DIR)/StarWars.app/StarWars";
			};
			name = Debug;
		};
		2085CA9F208B880C004676BC /* Release */ = {
			isa = XCBuildConfiguration;
			buildSettings = {
				ALWAYS_EMBED_SWIFT_STANDARD_LIBRARIES = YES;
				BUNDLE_LOADER = "$(TEST_HOST)";
				DEVELOPMENT_TEAM = 5V2CQ8ZSEH;
				INFOPLIST_FILE = StarWarsTests/Info.plist;
				LD_RUNPATH_SEARCH_PATHS = "$(inherited) @executable_path/Frameworks @loader_path/Frameworks";
				PRODUCT_BUNDLE_IDENTIFIER = ca.qc.collegeahuntsic.StarWarsTests;
				PRODUCT_NAME = "$(TARGET_NAME)";
				SWIFT_VERSION = 3.0;
				TEST_HOST = "$(BUILT_PRODUCTS_DIR)/StarWars.app/StarWars";
			};
			name = Release;
		};
		2085CAA1208B880C004676BC /* Debug */ = {
			isa = XCBuildConfiguration;
			buildSettings = {
				ALWAYS_EMBED_SWIFT_STANDARD_LIBRARIES = YES;
				DEVELOPMENT_TEAM = 5V2CQ8ZSEH;
				INFOPLIST_FILE = StarWarsUITests/Info.plist;
				LD_RUNPATH_SEARCH_PATHS = "$(inherited) @executable_path/Frameworks @loader_path/Frameworks";
				PRODUCT_BUNDLE_IDENTIFIER = ca.qc.collegeahuntsic.StarWarsUITests;
				PRODUCT_NAME = "$(TARGET_NAME)";
				SWIFT_VERSION = 3.0;
				TEST_TARGET_NAME = StarWars;
			};
			name = Debug;
		};
		2085CAA2208B880C004676BC /* Release */ = {
			isa = XCBuildConfiguration;
			buildSettings = {
				ALWAYS_EMBED_SWIFT_STANDARD_LIBRARIES = YES;
				DEVELOPMENT_TEAM = 5V2CQ8ZSEH;
				INFOPLIST_FILE = StarWarsUITests/Info.plist;
				LD_RUNPATH_SEARCH_PATHS = "$(inherited) @executable_path/Frameworks @loader_path/Frameworks";
				PRODUCT_BUNDLE_IDENTIFIER = ca.qc.collegeahuntsic.StarWarsUITests;
				PRODUCT_NAME = "$(TARGET_NAME)";
				SWIFT_VERSION = 3.0;
				TEST_TARGET_NAME = StarWars;
			};
			name = Release;
		};
/* End XCBuildConfiguration section */

/* Begin XCConfigurationList section */
		2085CA6D208B880C004676BC /* Build configuration list for PBXProject "StarWars" */ = {
			isa = XCConfigurationList;
			buildConfigurations = (
				2085CA98208B880C004676BC /* Debug */,
				2085CA99208B880C004676BC /* Release */,
			);
			defaultConfigurationIsVisible = 0;
			defaultConfigurationName = Release;
		};
		2085CA9A208B880C004676BC /* Build configuration list for PBXNativeTarget "StarWars" */ = {
			isa = XCConfigurationList;
			buildConfigurations = (
				2085CA9B208B880C004676BC /* Debug */,
				2085CA9C208B880C004676BC /* Release */,
			);
			defaultConfigurationIsVisible = 0;
		};
		2085CA9D208B880C004676BC /* Build configuration list for PBXNativeTarget "StarWarsTests" */ = {
			isa = XCConfigurationList;
			buildConfigurations = (
				2085CA9E208B880C004676BC /* Debug */,
				2085CA9F208B880C004676BC /* Release */,
			);
			defaultConfigurationIsVisible = 0;
		};
		2085CAA0208B880C004676BC /* Build configuration list for PBXNativeTarget "StarWarsUITests" */ = {
			isa = XCConfigurationList;
			buildConfigurations = (
				2085CAA1208B880C004676BC /* Debug */,
				2085CAA2208B880C004676BC /* Release */,
			);
			defaultConfigurationIsVisible = 0;
		};
/* End XCConfigurationList section */
	};
	rootObject = 2085CA6A208B880C004676BC /* Project object */;
}
